
Microsoft Visual Studio Solution File, Format Version 12.00
# Visual Studio Version 16
VisualStudioVersion = 16.0.29519.87
MinimumVisualStudioVersion = 10.0.40219.1
Project("{FAE04EC0-301F-11D3-BF4B-00C04F79EFBC}") = "YesSoftTest", "YesSoftTest\YesSoftTest.csproj", "{5E90270D-ECF0-4A80-B400-414A519634A3}"
EndProject
Global
	GlobalSection(SolutionConfigurationPlatforms) = preSolution
		Debug|Any CPU = Debug|Any CPU
		Release|Any CPU = Release|Any CPU
	EndGlobalSection
	GlobalSection(ProjectConfigurationPlatforms) = postSolution
		{5E90270D-ECF0-4A80-B400-414A519634A3}.Debug|Any CPU.ActiveCfg = Debug|Any CPU
		{5E90270D-ECF0-4A80-B400-414A519634A3}.Debug|Any CPU.Build.0 = Debug|Any CPU
		{5E90270D-ECF0-4A80-B400-414A519634A3}.Release|Any CPU.ActiveCfg = Release|Any CPU
		{5E90270D-ECF0-4A80-B400-414A519634A3}.Release|Any CPU.Build.0 = Release|Any CPU
	EndGlobalSection
	GlobalSection(SolutionProperties) = preSolution
		HideSolutionNode = FALSE
	EndGlobalSection
	GlobalSection(ExtensibilityGlobals) = postSolution
		SolutionGuid = {B4B640C1-1317-4E06-8F51-04662CC8E3C0}
	EndGlobalSection
EndGlobal
